
Microsoft Visual Studio Solution File, Format Version 12.00
# Visual Studio Version 17
VisualStudioVersion = 17.9.34902.65
MinimumVisualStudioVersion = 10.0.40219.1
Project("{FAE04EC0-301F-11D3-BF4B-00C04F79EFBC}") = "InternshipManagement", "InternshipManagement\InternshipManagement.csproj", "{3193B1BE-6DFF-40CF-905E-31E690F43D5E}"
EndProject
Global
	GlobalSection(SolutionConfigurationPlatforms) = preSolution
		Debug|Any CPU = Debug|Any CPU
		Release|Any CPU = Release|Any CPU
	EndGlobalSection
	GlobalSection(ProjectConfigurationPlatforms) = postSolution
		{3193B1BE-6DFF-40CF-905E-31E690F43D5E}.Debug|Any CPU.ActiveCfg = Debug|Any CPU
		{3193B1BE-6DFF-40CF-905E-31E690F43D5E}.Debug|Any CPU.Build.0 = Debug|Any CPU
		{3193B1BE-6DFF-40CF-905E-31E690F43D5E}.Release|Any CPU.ActiveCfg = Release|Any CPU
		{3193B1BE-6DFF-40CF-905E-31E690F43D5E}.Release|Any CPU.Build.0 = Release|Any CPU
	EndGlobalSection
	GlobalSection(SolutionProperties) = preSolution
		HideSolutionNode = FALSE
	EndGlobalSection
	GlobalSection(ExtensibilityGlobals) = postSolution
		SolutionGuid = {5177B206-A93C-411B-891D-5C91FBF77E99}
	EndGlobalSection
EndGlobal
